
Microsoft Visual Studio Solution File, Format Version 12.00
# Visual Studio Version 17
VisualStudioVersion = 17.7.34018.315
MinimumVisualStudioVersion = 10.0.40219.1
Project("{FAE04EC0-301F-11D3-BF4B-00C04F79EFBC}") = "records_crud_sample", "records_crud_sample\records_crud_sample.csproj", "{0C3274D6-5D17-46D8-BF88-92A460BC8B94}"
EndProject
Global
	GlobalSection(SolutionConfigurationPlatforms) = preSolution
		Debug|Any CPU = Debug|Any CPU
		Release|Any CPU = Release|Any CPU
	EndGlobalSection
	GlobalSection(ProjectConfigurationPlatforms) = postSolution
		{0C3274D6-5D17-46D8-BF88-92A460BC8B94}.Debug|Any CPU.ActiveCfg = Debug|Any CPU
		{0C3274D6-5D17-46D8-BF88-92A460BC8B94}.Debug|Any CPU.Build.0 = Debug|Any CPU
		{0C3274D6-5D17-46D8-BF88-92A460BC8B94}.Release|Any CPU.ActiveCfg = Release|Any CPU
		{0C3274D6-5D17-46D8-BF88-92A460BC8B94}.Release|Any CPU.Build.0 = Release|Any CPU
	EndGlobalSection
	GlobalSection(SolutionProperties) = preSolution
		HideSolutionNode = FALSE
	EndGlobalSection
	GlobalSection(ExtensibilityGlobals) = postSolution
		SolutionGuid = {C98B73D8-7CF9-441C-AE3D-47663B776A6A}
	EndGlobalSection
EndGlobal
